
Microsoft Visual Studio Solution File, Format Version 12.00
# Visual Studio Version 16
VisualStudioVersion = 16.0.31025.194
MinimumVisualStudioVersion = 10.0.40219.1
Project("{FAE04EC0-301F-11D3-BF4B-00C04F79EFBC}") = "TKR2", "TKR2\TKR2.csproj", "{ADB463EC-6506-4259-A133-42682D344E21}"
EndProject
Global
	GlobalSection(SolutionConfigurationPlatforms) = preSolution
		Debug|Any CPU = Debug|Any CPU
		Release|Any CPU = Release|Any CPU
	EndGlobalSection
	GlobalSection(ProjectConfigurationPlatforms) = postSolution
		{ADB463EC-6506-4259-A133-42682D344E21}.Debug|Any CPU.ActiveCfg = Debug|Any CPU
		{ADB463EC-6506-4259-A133-42682D344E21}.Debug|Any CPU.Build.0 = Debug|Any CPU
		{ADB463EC-6506-4259-A133-42682D344E21}.Release|Any CPU.ActiveCfg = Release|Any CPU
		{ADB463EC-6506-4259-A133-42682D344E21}.Release|Any CPU.Build.0 = Release|Any CPU
	EndGlobalSection
	GlobalSection(SolutionProperties) = preSolution
		HideSolutionNode = FALSE
	EndGlobalSection
	GlobalSection(ExtensibilityGlobals) = postSolution
		SolutionGuid = {3DAFBAC0-16DE-4317-8AD7-BEF7646A51FA}
	EndGlobalSection
EndGlobal
